
Microsoft Visual Studio Solution File, Format Version 12.00
# Visual Studio Version 16
VisualStudioVersion = 16.0.30128.74
MinimumVisualStudioVersion = 10.0.40219.1
Project("{9A19103F-16F7-4668-BE54-9A1E7A4F7556}") = "MilitaryTime", "HackerrankTest\MilitaryTime.csproj", "{8B5F2C79-AFDE-4053-AEE5-199018ACC712}"
EndProject
Project("{9A19103F-16F7-4668-BE54-9A1E7A4F7556}") = "Staircase", "Staircase\Staircase.csproj", "{3FDE3A3B-7EBD-4630-B6FE-80CA1304A117}"
EndProject
Project("{9A19103F-16F7-4668-BE54-9A1E7A4F7556}") = "OddEvenCharacters", "String Arrays\OddEvenCharacters.csproj", "{607A0518-66D5-4B74-AADD-A7501581C5B8}"
EndProject
Project("{9A19103F-16F7-4668-BE54-9A1E7A4F7556}") = "SortArray", "SortArray\SortArray.csproj", "{24FC6DB2-3696-489C-BB24-620147CAD6C4}"
EndProject
Project("{9A19103F-16F7-4668-BE54-9A1E7A4F7556}") = "Phonebook", "Phonebook\Phonebook.csproj", "{85A6ED88-6F93-4D6C-B18E-CE7D5C56D1A5}"
EndProject
Project("{9A19103F-16F7-4668-BE54-9A1E7A4F7556}") = "FactorialRecursion", "FactorialRecursion\FactorialRecursion.csproj", "{BCDA070B-24F2-49C3-ABF8-6255981D317C}"
EndProject
Project("{FAE04EC0-301F-11D3-BF4B-00C04F79EFBC}") = "Binary", "Binary\Binary.csproj", "{CEDA8408-292F-4373-9522-73C4C756F002}"
EndProject
Global
	GlobalSection(SolutionConfigurationPlatforms) = preSolution
		Debug|Any CPU = Debug|Any CPU
		Release|Any CPU = Release|Any CPU
	EndGlobalSection
	GlobalSection(ProjectConfigurationPlatforms) = postSolution
		{8B5F2C79-AFDE-4053-AEE5-199018ACC712}.Debug|Any CPU.ActiveCfg = Debug|Any CPU
		{8B5F2C79-AFDE-4053-AEE5-199018ACC712}.Debug|Any CPU.Build.0 = Debug|Any CPU
		{8B5F2C79-AFDE-4053-AEE5-199018ACC712}.Release|Any CPU.ActiveCfg = Release|Any CPU
		{8B5F2C79-AFDE-4053-AEE5-199018ACC712}.Release|Any CPU.Build.0 = Release|Any CPU
		{3FDE3A3B-7EBD-4630-B6FE-80CA1304A117}.Debug|Any CPU.ActiveCfg = Debug|Any CPU
		{3FDE3A3B-7EBD-4630-B6FE-80CA1304A117}.Debug|Any CPU.Build.0 = Debug|Any CPU
		{3FDE3A3B-7EBD-4630-B6FE-80CA1304A117}.Release|Any CPU.ActiveCfg = Release|Any CPU
		{3FDE3A3B-7EBD-4630-B6FE-80CA1304A117}.Release|Any CPU.Build.0 = Release|Any CPU
		{607A0518-66D5-4B74-AADD-A7501581C5B8}.Debug|Any CPU.ActiveCfg = Debug|Any CPU
		{607A0518-66D5-4B74-AADD-A7501581C5B8}.Debug|Any CPU.Build.0 = Debug|Any CPU
		{607A0518-66D5-4B74-AADD-A7501581C5B8}.Release|Any CPU.ActiveCfg = Release|Any CPU
		{607A0518-66D5-4B74-AADD-A7501581C5B8}.Release|Any CPU.Build.0 = Release|Any CPU
		{24FC6DB2-3696-489C-BB24-620147CAD6C4}.Debug|Any CPU.ActiveCfg = Debug|Any CPU
		{24FC6DB2-3696-489C-BB24-620147CAD6C4}.Debug|Any CPU.Build.0 = Debug|Any CPU
		{24FC6DB2-3696-489C-BB24-620147CAD6C4}.Release|Any CPU.ActiveCfg = Release|Any CPU
		{24FC6DB2-3696-489C-BB24-620147CAD6C4}.Release|Any CPU.Build.0 = Release|Any CPU
		{85A6ED88-6F93-4D6C-B18E-CE7D5C56D1A5}.Debug|Any CPU.ActiveCfg = Debug|Any CPU
		{85A6ED88-6F93-4D6C-B18E-CE7D5C56D1A5}.Debug|Any CPU.Build.0 = Debug|Any CPU
		{85A6ED88-6F93-4D6C-B18E-CE7D5C56D1A5}.Release|Any CPU.ActiveCfg = Release|Any CPU
		{85A6ED88-6F93-4D6C-B18E-CE7D5C56D1A5}.Release|Any CPU.Build.0 = Release|Any CPU
		{BCDA070B-24F2-49C3-ABF8-6255981D317C}.Debug|Any CPU.ActiveCfg = Debug|Any CPU
		{BCDA070B-24F2-49C3-ABF8-6255981D317C}.Debug|Any CPU.Build.0 = Debug|Any CPU
		{BCDA070B-24F2-49C3-ABF8-6255981D317C}.Release|Any CPU.ActiveCfg = Release|Any CPU
		{BCDA070B-24F2-49C3-ABF8-6255981D317C}.Release|Any CPU.Build.0 = Release|Any CPU
		{CEDA8408-292F-4373-9522-73C4C756F002}.Debug|Any CPU.ActiveCfg = Debug|Any CPU
		{CEDA8408-292F-4373-9522-73C4C756F002}.Debug|Any CPU.Build.0 = Debug|Any CPU
		{CEDA8408-292F-4373-9522-73C4C756F002}.Release|Any CPU.ActiveCfg = Release|Any CPU
		{CEDA8408-292F-4373-9522-73C4C756F002}.Release|Any CPU.Build.0 = Release|Any CPU
	EndGlobalSection
	GlobalSection(SolutionProperties) = preSolution
		HideSolutionNode = FALSE
	EndGlobalSection
	GlobalSection(ExtensibilityGlobals) = postSolution
		SolutionGuid = {B2076F30-0CBB-4FCC-A55A-8E1EB76F4E63}
	EndGlobalSection
EndGlobal
